// !$*UTF8*$!
{
	archiveVersion = 1;
	classes = {
	};
	objectVersion = 46;
	objects = {

/* Begin PBXBuildFile section */
		5D7C94C01E22A611008BEBAE /* AppDelegate.swift in Sources */ = {isa = PBXBuildFile; fileRef = 5D7C94BF1E22A611008BEBAE /* AppDelegate.swift */; };
		5D7C94C51E22A611008BEBAE /* Pod_Player.xcdatamodeld in Sources */ = {isa = PBXBuildFile; fileRef = 5D7C94C31E22A611008BEBAE /* Pod_Player.xcdatamodeld */; };
		5D7C94C71E22A611008BEBAE /* Assets.xcassets in Resources */ = {isa = PBXBuildFile; fileRef = 5D7C94C61E22A611008BEBAE /* Assets.xcassets */; };
		5D7C94CA1E22A611008BEBAE /* Main.storyboard in Resources */ = {isa = PBXBuildFile; fileRef = 5D7C94C81E22A611008BEBAE /* Main.storyboard */; };
		5D7C94D21E22AB25008BEBAE /* PodcastsViewController.swift in Sources */ = {isa = PBXBuildFile; fileRef = 5D7C94D11E22AB25008BEBAE /* PodcastsViewController.swift */; };
		5D7C94D41E22AF99008BEBAE /* parser.swift in Sources */ = {isa = PBXBuildFile; fileRef = 5D7C94D31E22AF99008BEBAE /* parser.swift */; };
		5D7C94D71E22B220008BEBAE /* SWXMLHash.swift in Sources */ = {isa = PBXBuildFile; fileRef = 5D7C94D51E22B220008BEBAE /* SWXMLHash.swift */; };
		5D7C94D81E22B220008BEBAE /* SWXMLHash+TypeConversion.swift in Sources */ = {isa = PBXBuildFile; fileRef = 5D7C94D61E22B220008BEBAE /* SWXMLHash+TypeConversion.swift */; };
		5D94F63A1E2BC41500CE4FCC /* EpisodesViewController.swift in Sources */ = {isa = PBXBuildFile; fileRef = 5D94F6391E2BC41500CE4FCC /* EpisodesViewController.swift */; };
		5D94F63C1E2BC63300CE4FCC /* TheSplitController.swift in Sources */ = {isa = PBXBuildFile; fileRef = 5D94F63B1E2BC63300CE4FCC /* TheSplitController.swift */; };
/* End PBXBuildFile section */

/* Begin PBXFileReference section */
		5D7C94BC1E22A611008BEBAE /* Pod Player.app */ = {isa = PBXFileReference; explicitFileType = wrapper.application; includeInIndex = 0; path = "Pod Player.app"; sourceTree = BUILT_PRODUCTS_DIR; };
		5D7C94BF1E22A611008BEBAE /* AppDelegate.swift */ = {isa = PBXFileReference; lastKnownFileType = sourcecode.swift; path = AppDelegate.swift; sourceTree = "<group>"; };
		5D7C94C41E22A611008BEBAE /* Pod_Player.xcdatamodel */ = {isa = PBXFileReference; lastKnownFileType = wrapper.xcdatamodel; path = Pod_Player.xcdatamodel; sourceTree = "<group>"; };
		5D7C94C61E22A611008BEBAE /* Assets.xcassets */ = {isa = PBXFileReference; lastKnownFileType = folder.assetcatalog; path = Assets.xcassets; sourceTree = "<group>"; };
		5D7C94C91E22A611008BEBAE /* Base */ = {isa = PBXFileReference; lastKnownFileType = file.storyboard; name = Base; path = Base.lproj/Main.storyboard; sourceTree = "<group>"; };
		5D7C94CB1E22A611008BEBAE /* Info.plist */ = {isa = PBXFileReference; lastKnownFileType = text.plist.xml; path = Info.plist; sourceTree = "<group>"; };
		5D7C94D11E22AB25008BEBAE /* PodcastsViewController.swift */ = {isa = PBXFileReference; fileEncoding = 4; lastKnownFileType = sourcecode.swift; path = PodcastsViewController.swift; sourceTree = "<group>"; };
		5D7C94D31E22AF99008BEBAE /* parser.swift */ = {isa = PBXFileReference; fileEncoding = 4; lastKnownFileType = sourcecode.swift; path = parser.swift; sourceTree = "<group>"; };
		5D7C94D51E22B220008BEBAE /* SWXMLHash.swift */ = {isa = PBXFileReference; fileEncoding = 4; lastKnownFileType = sourcecode.swift; path = SWXMLHash.swift; sourceTree = "<group>"; };
		5D7C94D61E22B220008BEBAE /* SWXMLHash+TypeConversion.swift */ = {isa = PBXFileReference; fileEncoding = 4; lastKnownFileType = sourcecode.swift; path = "SWXMLHash+TypeConversion.swift"; sourceTree = "<group>"; };
		5D94F6391E2BC41500CE4FCC /* EpisodesViewController.swift */ = {isa = PBXFileReference; fileEncoding = 4; lastKnownFileType = sourcecode.swift; path = EpisodesViewController.swift; sourceTree = "<group>"; };
		5D94F63B1E2BC63300CE4FCC /* TheSplitController.swift */ = {isa = PBXFileReference; fileEncoding = 4; lastKnownFileType = sourcecode.swift; path = TheSplitController.swift; sourceTree = "<group>"; };
/* End PBXFileReference section */

/* Begin PBXFrameworksBuildPhase section */
		5D7C94B91E22A611008BEBAE /* Frameworks */ = {
			isa = PBXFrameworksBuildPhase;
			buildActionMask = 2147483647;
			files = (
			);
			runOnlyForDeploymentPostprocessing = 0;
		};
/* End PBXFrameworksBuildPhase section */

/* Begin PBXGroup section */
		5D7C94B31E22A611008BEBAE = {
			isa = PBXGroup;
			children = (
				5D7C94BE1E22A611008BEBAE /* Pod Player */,
				5D7C94BD1E22A611008BEBAE /* Products */,
				5D7C94D91E22B224008BEBAE /* SWXML Hash */,
			);
			sourceTree = "<group>";
		};
		5D7C94BD1E22A611008BEBAE /* Products */ = {
			isa = PBXGroup;
			children = (
				5D7C94BC1E22A611008BEBAE /* Pod Player.app */,
			);
			name = Products;
			sourceTree = "<group>";
		};
		5D7C94BE1E22A611008BEBAE /* Pod Player */ = {
			isa = PBXGroup;
			children = (
				5D7C94BF1E22A611008BEBAE /* AppDelegate.swift */,
				5D7C94C61E22A611008BEBAE /* Assets.xcassets */,
				5D7C94C81E22A611008BEBAE /* Main.storyboard */,
				5D7C94D11E22AB25008BEBAE /* PodcastsViewController.swift */,
				5D7C94CB1E22A611008BEBAE /* Info.plist */,
				5D7C94C31E22A611008BEBAE /* Pod_Player.xcdatamodeld */,
				5D7C94D31E22AF99008BEBAE /* parser.swift */,
				5D94F6391E2BC41500CE4FCC /* EpisodesViewController.swift */,
				5D94F63B1E2BC63300CE4FCC /* TheSplitController.swift */,
			);
			path = "Pod Player";
			sourceTree = "<group>";
		};
		5D7C94D91E22B224008BEBAE /* SWXML Hash */ = {
			isa = PBXGroup;
			children = (
				5D7C94D51E22B220008BEBAE /* SWXMLHash.swift */,
				5D7C94D61E22B220008BEBAE /* SWXMLHash+TypeConversion.swift */,
			);
			name = "SWXML Hash";
			path = "Pod Player";
			sourceTree = "<group>";
		};
/* End PBXGroup section */

/* Begin PBXNativeTarget section */
		5D7C94BB1E22A611008BEBAE /* Pod Player */ = {
			isa = PBXNativeTarget;
			buildConfigurationList = 5D7C94CE1E22A611008BEBAE /* Build configuration list for PBXNativeTarget "Pod Player" */;
			buildPhases = (
				5D7C94B81E22A611008BEBAE /* Sources */,
				5D7C94B91E22A611008BEBAE /* Frameworks */,
				5D7C94BA1E22A611008BEBAE /* Resources */,
			);
			buildRules = (
			);
			dependencies = (
			);
			name = "Pod Player";
			productName = "Pod Player";
			productReference = 5D7C94BC1E22A611008BEBAE /* Pod Player.app */;
			productType = "com.apple.product-type.application";
		};
/* End PBXNativeTarget section */

/* Begin PBXProject section */
		5D7C94B41E22A611008BEBAE /* Project object */ = {
			isa = PBXProject;
			attributes = {
				LastSwiftUpdateCheck = 0820;
				LastUpgradeCheck = 0820;
				ORGANIZATIONNAME = "Tom Davis";
				TargetAttributes = {
					5D7C94BB1E22A611008BEBAE = {
						CreatedOnToolsVersion = 8.2.1;
						DevelopmentTeam = HZKNM3KL29;
						ProvisioningStyle = Automatic;
					};
				};
			};
			buildConfigurationList = 5D7C94B71E22A611008BEBAE /* Build configuration list for PBXProject "Pod Player" */;
			compatibilityVersion = "Xcode 3.2";
			developmentRegion = English;
			hasScannedForEncodings = 0;
			knownRegions = (
				en,
				Base,
			);
			mainGroup = 5D7C94B31E22A611008BEBAE;
			productRefGroup = 5D7C94BD1E22A611008BEBAE /* Products */;
			projectDirPath = "";
			projectRoot = "";
			targets = (
				5D7C94BB1E22A611008BEBAE /* Pod Player */,
			);
		};
/* End PBXProject section */

/* Begin PBXResourcesBuildPhase section */
		5D7C94BA1E22A611008BEBAE /* Resources */ = {
			isa = PBXResourcesBuildPhase;
			buildActionMask = 2147483647;
			files = (
				5D7C94C71E22A611008BEBAE /* Assets.xcassets in Resources */,
				5D7C94CA1E22A611008BEBAE /* Main.storyboard in Resources */,
			);
			runOnlyForDeploymentPostprocessing = 0;
		};
/* End PBXResourcesBuildPhase section */

/* Begin PBXSourcesBuildPhase section */
		5D7C94B81E22A611008BEBAE /* Sources */ = {
			isa = PBXSourcesBuildPhase;
			buildActionMask = 2147483647;
			files = (
				5D7C94D41E22AF99008BEBAE /* parser.swift in Sources */,
				5D7C94D81E22B220008BEBAE /* SWXMLHash+TypeConversion.swift in Sources */,
				5D94F63A1E2BC41500CE4FCC /* EpisodesViewController.swift in Sources */,
				5D7C94C51E22A611008BEBAE /* Pod_Player.xcdatamodeld in Sources */,
				5D94F63C1E2BC63300CE4FCC /* TheSplitController.swift in Sources */,
				5D7C94D21E22AB25008BEBAE /* PodcastsViewController.swift in Sources */,
				5D7C94D71E22B220008BEBAE /* SWXMLHash.swift in Sources */,
				5D7C94C01E22A611008BEBAE /* AppDelegate.swift in Sources */,
			);
			runOnlyForDeploymentPostprocessing = 0;
		};
/* End PBXSourcesBuildPhase section */

/* Begin PBXVariantGroup section */
		5D7C94C81E22A611008BEBAE /* Main.storyboard */ = {
			isa = PBXVariantGroup;
			children = (
				5D7C94C91E22A611008BEBAE /* Base */,
			);
			name = Main.storyboard;
			sourceTree = "<group>";
		};
/* End PBXVariantGroup section */

/* Begin XCBuildConfiguration section */
		5D7C94CC1E22A611008BEBAE /* Debug */ = {
			isa = XCBuildConfiguration;
			buildSettings = {
				ALWAYS_SEARCH_USER_PATHS = NO;
				CLANG_ANALYZER_NONNULL = YES;
				CLANG_CXX_LANGUAGE_STANDARD = "gnu++0x";
				CLANG_CXX_LIBRARY = "libc++";
				CLANG_ENABLE_MODULES = YES;
				CLANG_ENABLE_OBJC_ARC = YES;
				CLANG_WARN_BOOL_CONVERSION = YES;
				CLANG_WARN_CONSTANT_CONVERSION = YES;
				CLANG_WARN_DIRECT_OBJC_ISA_USAGE = YES_ERROR;
				CLANG_WARN_DOCUMENTATION_COMMENTS = YES;
				CLANG_WARN_EMPTY_BODY = YES;
				CLANG_WARN_ENUM_CONVERSION = YES;
				CLANG_WARN_INFINITE_RECURSION = YES;
				CLANG_WARN_INT_CONVERSION = YES;
				CLANG_WARN_OBJC_ROOT_CLASS = YES_ERROR;
				CLANG_WARN_SUSPICIOUS_MOVE = YES;
				CLANG_WARN_UNREACHABLE_CODE = YES;
				CLANG_WARN__DUPLICATE_METHOD_MATCH = YES;
				CODE_SIGN_IDENTITY = "-";
				COPY_PHASE_STRIP = NO;
				DEBUG_INFORMATION_FORMAT = dwarf;
				ENABLE_STRICT_OBJC_MSGSEND = YES;
				ENABLE_TESTABILITY = YES;
				GCC_C_LANGUAGE_STANDARD = gnu99;
				GCC_DYNAMIC_NO_PIC = NO;
				GCC_NO_COMMON_BLOCKS = YES;
				GCC_OPTIMIZATION_LEVEL = 0;
				GCC_PREPROCESSOR_DEFINITIONS = (
					"DEBUG=1",
					"$(inherited)",
				);
				GCC_WARN_64_TO_32_BIT_CONVERSION = YES;
				GCC_WARN_ABOUT_RETURN_TYPE = YES_ERROR;
				GCC_WARN_UNDECLARED_SELECTOR = YES;
				GCC_WARN_UNINITIALIZED_AUTOS = YES_AGGRESSIVE;
				GCC_WARN_UNUSED_FUNCTION = YES;
				GCC_WARN_UNUSED_VARIABLE = YES;
				MACOSX_DEPLOYMENT_TARGET = 10.12;
				MTL_ENABLE_DEBUG_INFO = YES;
				ONLY_ACTIVE_ARCH = YES;
				SDKROOT = macosx;
				SWIFT_ACTIVE_COMPILATION_CONDITIONS = DEBUG;
				SWIFT_OPTIMIZATION_LEVEL = "-Onone";
			};
			name = Debug;
		};
		5D7C94CD1E22A611008BEBAE /* Release */ = {
			isa = XCBuildConfiguration;
			buildSettings = {
				ALWAYS_SEARCH_USER_PATHS = NO;
				CLANG_ANALYZER_NONNULL = YES;
				CLANG_CXX_LANGUAGE_STANDARD = "gnu++0x";
				CLANG_CXX_LIBRARY = "libc++";
				CLANG_ENABLE_MODULES = YES;
				CLANG_ENABLE_OBJC_ARC = YES;
				CLANG_WARN_BOOL_CONVERSION = YES;
				CLANG_WARN_CONSTANT_CONVERSION = YES;
				CLANG_WARN_DIRECT_OBJC_ISA_USAGE = YES_ERROR;
				CLANG_WARN_DOCUMENTATION_COMMENTS = YES;
				CLANG_WARN_EMPTY_BODY = YES;
				CLANG_WARN_ENUM_CONVERSION = YES;
				CLANG_WARN_INFINITE_RECURSION = YES;
				CLANG_WARN_INT_CONVERSION = YES;
				CLANG_WARN_OBJC_ROOT_CLASS = YES_ERROR;
				CLANG_WARN_SUSPICIOUS_MOVE = YES;
				CLANG_WARN_UNREACHABLE_CODE = YES;
				CLANG_WARN__DUPLICATE_METHOD_MATCH = YES;
				CODE_SIGN_IDENTITY = "-";
				COPY_PHASE_STRIP = NO;
				DEBUG_INFORMATION_FORMAT = "dwarf-with-dsym";
				ENABLE_NS_ASSERTIONS = NO;
				ENABLE_STRICT_OBJC_MSGSEND = YES;
				GCC_C_LANGUAGE_STANDARD = gnu99;
				GCC_NO_COMMON_BLOCKS = YES;
				GCC_WARN_64_TO_32_BIT_CONVERSION = YES;
				GCC_WARN_ABOUT_RETURN_TYPE = YES_ERROR;
				GCC_WARN_UNDECLARED_SELECTOR = YES;
				GCC_WARN_UNINITIALIZED_AUTOS = YES_AGGRESSIVE;
				GCC_WARN_UNUSED_FUNCTION = YES;
				GCC_WARN_UNUSED_VARIABLE = YES;
				MACOSX_DEPLOYMENT_TARGET = 10.12;
				MTL_ENABLE_DEBUG_INFO = NO;
				SDKROOT = macosx;
				SWIFT_OPTIMIZATION_LEVEL = "-Owholemodule";
			};
			name = Release;
		};
		5D7C94CF1E22A611008BEBAE /* Debug */ = {
			isa = XCBuildConfiguration;
			buildSettings = {
				ASSETCATALOG_COMPILER_APPICON_NAME = AppIcon;
				COMBINE_HIDPI_IMAGES = YES;
				DEVELOPMENT_TEAM = HZKNM3KL29;
				INFOPLIST_FILE = "Pod Player/Info.plist";
				LD_RUNPATH_SEARCH_PATHS = "$(inherited) @executable_path/../Frameworks";
				PRODUCT_BUNDLE_IDENTIFIER = "tomdavislx.Pod-Player";
				PRODUCT_NAME = "$(TARGET_NAME)";
				SWIFT_VERSION = 3.0;
			};
			name = Debug;
		};
		5D7C94D01E22A611008BEBAE /* Release */ = {
			isa = XCBuildConfiguration;
			buildSettings = {
				ASSETCATALOG_COMPILER_APPICON_NAME = AppIcon;
				COMBINE_HIDPI_IMAGES = YES;
				DEVELOPMENT_TEAM = HZKNM3KL29;
				INFOPLIST_FILE = "Pod Player/Info.plist";
				LD_RUNPATH_SEARCH_PATHS = "$(inherited) @executable_path/../Frameworks";
				PRODUCT_BUNDLE_IDENTIFIER = "tomdavislx.Pod-Player";
				PRODUCT_NAME = "$(TARGET_NAME)";
				SWIFT_VERSION = 3.0;
			};
			name = Release;
		};
/* End XCBuildConfiguration section */

/* Begin XCConfigurationList section */
		5D7C94B71E22A611008BEBAE /* Build configuration list for PBXProject "Pod Player" */ = {
			isa = XCConfigurationList;
			buildConfigurations = (
				5D7C94CC1E22A611008BEBAE /* Debug */,
				5D7C94CD1E22A611008BEBAE /* Release */,
			);
			defaultConfigurationIsVisible = 0;
			defaultConfigurationName = Release;
		};
		5D7C94CE1E22A611008BEBAE /* Build configuration list for PBXNativeTarget "Pod Player" */ = {
			isa = XCConfigurationList;
			buildConfigurations = (
				5D7C94CF1E22A611008BEBAE /* Debug */,
				5D7C94D01E22A611008BEBAE /* Release */,
			);
			defaultConfigurationIsVisible = 0;
			defaultConfigurationName = Release;
		};
/* End XCConfigurationList section */

/* Begin XCVersionGroup section */
		5D7C94C31E22A611008BEBAE /* Pod_Player.xcdatamodeld */ = {
			isa = XCVersionGroup;
			children = (
				5D7C94C41E22A611008BEBAE /* Pod_Player.xcdatamodel */,
			);
			currentVersion = 5D7C94C41E22A611008BEBAE /* Pod_Player.xcdatamodel */;
			path = Pod_Player.xcdatamodeld;
			sourceTree = "<group>";
			versionGroupType = wrapper.xcdatamodel;
		};
/* End XCVersionGroup section */
	};
	rootObject = 5D7C94B41E22A611008BEBAE /* Project object */;
}
